// !$*UTF8*$!
{
	archiveVersion = 1;
	classes = {
	};
	objectVersion = 46;
	objects = {

/* Begin PBXBuildFile section */
		B547F5D818D996650081FFBB /* main.cpp in Sources */ = {isa = PBXBuildFile; fileRef = B547F5D718D996650081FFBB /* main.cpp */; };
		B547F5DA18D996650081FFBB /* GestureRecognition.1 in CopyFiles */ = {isa = PBXBuildFile; fileRef = B547F5D918D996650081FFBB /* GestureRecognition.1 */; };
		B547F68718D9E2A10081FFBB /* HandDetector.cpp in Sources */ = {isa = PBXBuildFile; fileRef = B547F68518D9E2A10081FFBB /* HandDetector.cpp */; };
		B54F9FDA18DB20170078B3EB /* libopencv_calib3d.2.4.8.dylib in Frameworks */ = {isa = PBXBuildFile; fileRef = B54F9FCA18DB20170078B3EB /* libopencv_calib3d.2.4.8.dylib */; };
		B54F9FDB18DB20170078B3EB /* libopencv_contrib.2.4.8.dylib in Frameworks */ = {isa = PBXBuildFile; fileRef = B54F9FCB18DB20170078B3EB /* libopencv_contrib.2.4.8.dylib */; };
		B54F9FDC18DB20170078B3EB /* libopencv_core.2.4.8.dylib in Frameworks */ = {isa = PBXBuildFile; fileRef = B54F9FCC18DB20170078B3EB /* libopencv_core.2.4.8.dylib */; };
		B54F9FDD18DB20170078B3EB /* libopencv_features2d.2.4.8.dylib in Frameworks */ = {isa = PBXBuildFile; fileRef = B54F9FCD18DB20170078B3EB /* libopencv_features2d.2.4.8.dylib */; };
		B54F9FDE18DB20170078B3EB /* libopencv_flann.2.4.8.dylib in Frameworks */ = {isa = PBXBuildFile; fileRef = B54F9FCE18DB20170078B3EB /* libopencv_flann.2.4.8.dylib */; };
		B54F9FDF18DB20170078B3EB /* libopencv_gpu.2.4.8.dylib in Frameworks */ = {isa = PBXBuildFile; fileRef = B54F9FCF18DB20170078B3EB /* libopencv_gpu.2.4.8.dylib */; };
		B54F9FE018DB20170078B3EB /* libopencv_highgui.2.4.8.dylib in Frameworks */ = {isa = PBXBuildFile; fileRef = B54F9FD018DB20170078B3EB /* libopencv_highgui.2.4.8.dylib */; };
		B54F9FE118DB20170078B3EB /* libopencv_imgproc.2.4.8.dylib in Frameworks */ = {isa = PBXBuildFile; fileRef = B54F9FD118DB20170078B3EB /* libopencv_imgproc.2.4.8.dylib */; };
		B54F9FE218DB20170078B3EB /* libopencv_legacy.2.4.8.dylib in Frameworks */ = {isa = PBXBuildFile; fileRef = B54F9FD218DB20170078B3EB /* libopencv_legacy.2.4.8.dylib */; };
		B54F9FE318DB20170078B3EB /* libopencv_ml.2.4.8.dylib in Frameworks */ = {isa = PBXBuildFile; fileRef = B54F9FD318DB20170078B3EB /* libopencv_ml.2.4.8.dylib */; };
		B54F9FE418DB20170078B3EB /* libopencv_nonfree.2.4.8.dylib in Frameworks */ = {isa = PBXBuildFile; fileRef = B54F9FD418DB20170078B3EB /* libopencv_nonfree.2.4.8.dylib */; };
		B54F9FE518DB20170078B3EB /* libopencv_objdetect.2.4.8.dylib in Frameworks */ = {isa = PBXBuildFile; fileRef = B54F9FD518DB20170078B3EB /* libopencv_objdetect.2.4.8.dylib */; };
		B54F9FE618DB20170078B3EB /* libopencv_ocl.2.4.8.dylib in Frameworks */ = {isa = PBXBuildFile; fileRef = B54F9FD618DB20170078B3EB /* libopencv_ocl.2.4.8.dylib */; };
		B54F9FE718DB20170078B3EB /* libopencv_photo.2.4.8.dylib in Frameworks */ = {isa = PBXBuildFile; fileRef = B54F9FD718DB20170078B3EB /* libopencv_photo.2.4.8.dylib */; };
		B54F9FE818DB20170078B3EB /* libopencv_stitching.2.4.8.dylib in Frameworks */ = {isa = PBXBuildFile; fileRef = B54F9FD818DB20170078B3EB /* libopencv_stitching.2.4.8.dylib */; };
		B54F9FE918DB20170078B3EB /* libopencv_superres.2.4.8.dylib in Frameworks */ = {isa = PBXBuildFile; fileRef = B54F9FD918DB20170078B3EB /* libopencv_superres.2.4.8.dylib */; };
/* End PBXBuildFile section */

/* Begin PBXCopyFilesBuildPhase section */
		B547F5D218D996650081FFBB /* CopyFiles */ = {
			isa = PBXCopyFilesBuildPhase;
			buildActionMask = 2147483647;
			dstPath = /usr/share/man/man1/;
			dstSubfolderSpec = 0;
			files = (
				B547F5DA18D996650081FFBB /* GestureRecognition.1 in CopyFiles */,
			);
			runOnlyForDeploymentPostprocessing = 1;
		};
/* End PBXCopyFilesBuildPhase section */

/* Begin PBXFileReference section */
		B547F5D418D996650081FFBB /* GestureRecognition */ = {isa = PBXFileReference; explicitFileType = "compiled.mach-o.executable"; includeInIndex = 0; path = GestureRecognition; sourceTree = BUILT_PRODUCTS_DIR; };
		B547F5D718D996650081FFBB /* main.cpp */ = {isa = PBXFileReference; lastKnownFileType = sourcecode.cpp.cpp; path = main.cpp; sourceTree = "<group>"; };
		B547F5D918D996650081FFBB /* GestureRecognition.1 */ = {isa = PBXFileReference; lastKnownFileType = text.man; path = GestureRecognition.1; sourceTree = "<group>"; };
		B547F68518D9E2A10081FFBB /* HandDetector.cpp */ = {isa = PBXFileReference; fileEncoding = 4; lastKnownFileType = sourcecode.cpp.cpp; path = HandDetector.cpp; sourceTree = "<group>"; };
		B547F68618D9E2A10081FFBB /* HandDetector.h */ = {isa = PBXFileReference; fileEncoding = 4; lastKnownFileType = sourcecode.c.h; path = HandDetector.h; sourceTree = "<group>"; };
		B54F9FCA18DB20170078B3EB /* libopencv_calib3d.2.4.8.dylib */ = {isa = PBXFileReference; lastKnownFileType = "compiled.mach-o.dylib"; name = libopencv_calib3d.2.4.8.dylib; path = ../../../../usr/local/lib/libopencv_calib3d.2.4.8.dylib; sourceTree = "<group>"; };
		B54F9FCB18DB20170078B3EB /* libopencv_contrib.2.4.8.dylib */ = {isa = PBXFileReference; lastKnownFileType = "compiled.mach-o.dylib"; name = libopencv_contrib.2.4.8.dylib; path = ../../../../usr/local/lib/libopencv_contrib.2.4.8.dylib; sourceTree = "<group>"; };
		B54F9FCC18DB20170078B3EB /* libopencv_core.2.4.8.dylib */ = {isa = PBXFileReference; lastKnownFileType = "compiled.mach-o.dylib"; name = libopencv_core.2.4.8.dylib; path = ../../../../usr/local/lib/libopencv_core.2.4.8.dylib; sourceTree = "<group>"; };
		B54F9FCD18DB20170078B3EB /* libopencv_features2d.2.4.8.dylib */ = {isa = PBXFileReference; lastKnownFileType = "compiled.mach-o.dylib"; name = libopencv_features2d.2.4.8.dylib; path = ../../../../usr/local/lib/libopencv_features2d.2.4.8.dylib; sourceTree = "<group>"; };
		B54F9FCE18DB20170078B3EB /* libopencv_flann.2.4.8.dylib */ = {isa = PBXFileReference; lastKnownFileType = "compiled.mach-o.dylib"; name = libopencv_flann.2.4.8.dylib; path = ../../../../usr/local/lib/libopencv_flann.2.4.8.dylib; sourceTree = "<group>"; };
		B54F9FCF18DB20170078B3EB /* libopencv_gpu.2.4.8.dylib */ = {isa = PBXFileReference; lastKnownFileType = "compiled.mach-o.dylib"; name = libopencv_gpu.2.4.8.dylib; path = ../../../../usr/local/lib/libopencv_gpu.2.4.8.dylib; sourceTree = "<group>"; };
		B54F9FD018DB20170078B3EB /* libopencv_highgui.2.4.8.dylib */ = {isa = PBXFileReference; lastKnownFileType = "compiled.mach-o.dylib"; name = libopencv_highgui.2.4.8.dylib; path = ../../../../usr/local/lib/libopencv_highgui.2.4.8.dylib; sourceTree = "<group>"; };
		B54F9FD118DB20170078B3EB /* libopencv_imgproc.2.4.8.dylib */ = {isa = PBXFileReference; lastKnownFileType = "compiled.mach-o.dylib"; name = libopencv_imgproc.2.4.8.dylib; path = ../../../../usr/local/lib/libopencv_imgproc.2.4.8.dylib; sourceTree = "<group>"; };
		B54F9FD218DB20170078B3EB /* libopencv_legacy.2.4.8.dylib */ = {isa = PBXFileReference; lastKnownFileType = "compiled.mach-o.dylib"; name = libopencv_legacy.2.4.8.dylib; path = ../../../../usr/local/lib/libopencv_legacy.2.4.8.dylib; sourceTree = "<group>"; };
		B54F9FD318DB20170078B3EB /* libopencv_ml.2.4.8.dylib */ = {isa = PBXFileReference; lastKnownFileType = "compiled.mach-o.dylib"; name = libopencv_ml.2.4.8.dylib; path = ../../../../usr/local/lib/libopencv_ml.2.4.8.dylib; sourceTree = "<group>"; };
		B54F9FD418DB20170078B3EB /* libopencv_nonfree.2.4.8.dylib */ = {isa = PBXFileReference; lastKnownFileType = "compiled.mach-o.dylib"; name = libopencv_nonfree.2.4.8.dylib; path = ../../../../usr/local/lib/libopencv_nonfree.2.4.8.dylib; sourceTree = "<group>"; };
		B54F9FD518DB20170078B3EB /* libopencv_objdetect.2.4.8.dylib */ = {isa = PBXFileReference; lastKnownFileType = "compiled.mach-o.dylib"; name = libopencv_objdetect.2.4.8.dylib; path = ../../../../usr/local/lib/libopencv_objdetect.2.4.8.dylib; sourceTree = "<group>"; };
		B54F9FD618DB20170078B3EB /* libopencv_ocl.2.4.8.dylib */ = {isa = PBXFileReference; lastKnownFileType = "compiled.mach-o.dylib"; name = libopencv_ocl.2.4.8.dylib; path = ../../../../usr/local/lib/libopencv_ocl.2.4.8.dylib; sourceTree = "<group>"; };
		B54F9FD718DB20170078B3EB /* libopencv_photo.2.4.8.dylib */ = {isa = PBXFileReference; lastKnownFileType = "compiled.mach-o.dylib"; name = libopencv_photo.2.4.8.dylib; path = ../../../../usr/local/lib/libopencv_photo.2.4.8.dylib; sourceTree = "<group>"; };
		B54F9FD818DB20170078B3EB /* libopencv_stitching.2.4.8.dylib */ = {isa = PBXFileReference; lastKnownFileType = "compiled.mach-o.dylib"; name = libopencv_stitching.2.4.8.dylib; path = ../../../../usr/local/lib/libopencv_stitching.2.4.8.dylib; sourceTree = "<group>"; };
		B54F9FD918DB20170078B3EB /* libopencv_superres.2.4.8.dylib */ = {isa = PBXFileReference; lastKnownFileType = "compiled.mach-o.dylib"; name = libopencv_superres.2.4.8.dylib; path = ../../../../usr/local/lib/libopencv_superres.2.4.8.dylib; sourceTree = "<group>"; };
/* End PBXFileReference section */

/* Begin PBXFrameworksBuildPhase section */
		B547F5D118D996650081FFBB /* Frameworks */ = {
			isa = PBXFrameworksBuildPhase;
			buildActionMask = 2147483647;
			files = (
				B54F9FDA18DB20170078B3EB /* libopencv_calib3d.2.4.8.dylib in Frameworks */,
				B54F9FDB18DB20170078B3EB /* libopencv_contrib.2.4.8.dylib in Frameworks */,
				B54F9FDC18DB20170078B3EB /* libopencv_core.2.4.8.dylib in Frameworks */,
				B54F9FDD18DB20170078B3EB /* libopencv_features2d.2.4.8.dylib in Frameworks */,
				B54F9FDE18DB20170078B3EB /* libopencv_flann.2.4.8.dylib in Frameworks */,
				B54F9FDF18DB20170078B3EB /* libopencv_gpu.2.4.8.dylib in Frameworks */,
				B54F9FE018DB20170078B3EB /* libopencv_highgui.2.4.8.dylib in Frameworks */,
				B54F9FE118DB20170078B3EB /* libopencv_imgproc.2.4.8.dylib in Frameworks */,
				B54F9FE218DB20170078B3EB /* libopencv_legacy.2.4.8.dylib in Frameworks */,
				B54F9FE318DB20170078B3EB /* libopencv_ml.2.4.8.dylib in Frameworks */,
				B54F9FE418DB20170078B3EB /* libopencv_nonfree.2.4.8.dylib in Frameworks */,
				B54F9FE518DB20170078B3EB /* libopencv_objdetect.2.4.8.dylib in Frameworks */,
				B54F9FE618DB20170078B3EB /* libopencv_ocl.2.4.8.dylib in Frameworks */,
				B54F9FE718DB20170078B3EB /* libopencv_photo.2.4.8.dylib in Frameworks */,
				B54F9FE818DB20170078B3EB /* libopencv_stitching.2.4.8.dylib in Frameworks */,
				B54F9FE918DB20170078B3EB /* libopencv_superres.2.4.8.dylib in Frameworks */,
			);
			runOnlyForDeploymentPostprocessing = 0;
		};
/* End PBXFrameworksBuildPhase section */

/* Begin PBXGroup section */
		B547F5CB18D996650081FFBB = {
			isa = PBXGroup;
			children = (
				B54F9FCA18DB20170078B3EB /* libopencv_calib3d.2.4.8.dylib */,
				B54F9FCB18DB20170078B3EB /* libopencv_contrib.2.4.8.dylib */,
				B54F9FCC18DB20170078B3EB /* libopencv_core.2.4.8.dylib */,
				B54F9FCD18DB20170078B3EB /* libopencv_features2d.2.4.8.dylib */,
				B54F9FCE18DB20170078B3EB /* libopencv_flann.2.4.8.dylib */,
				B54F9FCF18DB20170078B3EB /* libopencv_gpu.2.4.8.dylib */,
				B54F9FD018DB20170078B3EB /* libopencv_highgui.2.4.8.dylib */,
				B54F9FD118DB20170078B3EB /* libopencv_imgproc.2.4.8.dylib */,
				B54F9FD218DB20170078B3EB /* libopencv_legacy.2.4.8.dylib */,
				B54F9FD318DB20170078B3EB /* libopencv_ml.2.4.8.dylib */,
				B54F9FD418DB20170078B3EB /* libopencv_nonfree.2.4.8.dylib */,
				B54F9FD518DB20170078B3EB /* libopencv_objdetect.2.4.8.dylib */,
				B54F9FD618DB20170078B3EB /* libopencv_ocl.2.4.8.dylib */,
				B54F9FD718DB20170078B3EB /* libopencv_photo.2.4.8.dylib */,
				B54F9FD818DB20170078B3EB /* libopencv_stitching.2.4.8.dylib */,
				B54F9FD918DB20170078B3EB /* libopencv_superres.2.4.8.dylib */,
				B547F5D618D996650081FFBB /* GestureRecognition */,
				B547F5D518D996650081FFBB /* Products */,
			);
			sourceTree = "<group>";
		};
		B547F5D518D996650081FFBB /* Products */ = {
			isa = PBXGroup;
			children = (
				B547F5D418D996650081FFBB /* GestureRecognition */,
			);
			name = Products;
			sourceTree = "<group>";
		};
		B547F5D618D996650081FFBB /* GestureRecognition */ = {
			isa = PBXGroup;
			children = (
				B547F5D718D996650081FFBB /* main.cpp */,
				B547F5D918D996650081FFBB /* GestureRecognition.1 */,
				B547F68518D9E2A10081FFBB /* HandDetector.cpp */,
				B547F68618D9E2A10081FFBB /* HandDetector.h */,
			);
			path = GestureRecognition;
			sourceTree = "<group>";
		};
/* End PBXGroup section */

/* Begin PBXNativeTarget section */
		B547F5D318D996650081FFBB /* GestureRecognition */ = {
			isa = PBXNativeTarget;
			buildConfigurationList = B547F5DD18D996650081FFBB /* Build configuration list for PBXNativeTarget "GestureRecognition" */;
			buildPhases = (
				B547F5D018D996650081FFBB /* Sources */,
				B547F5D118D996650081FFBB /* Frameworks */,
				B547F5D218D996650081FFBB /* CopyFiles */,
			);
			buildRules = (
			);
			dependencies = (
			);
			name = GestureRecognition;
			productName = GestureRecognition;
			productReference = B547F5D418D996650081FFBB /* GestureRecognition */;
			productType = "com.apple.product-type.tool";
		};
/* End PBXNativeTarget section */

/* Begin PBXProject section */
		B547F5CC18D996650081FFBB /* Project object */ = {
			isa = PBXProject;
			attributes = {
				LastUpgradeCheck = 0500;
				ORGANIZATIONNAME = "钟宇腾";
			};
			buildConfigurationList = B547F5CF18D996650081FFBB /* Build configuration list for PBXProject "GestureRecognition" */;
			compatibilityVersion = "Xcode 3.2";
			developmentRegion = English;
			hasScannedForEncodings = 0;
			knownRegions = (
				en,
			);
			mainGroup = B547F5CB18D996650081FFBB;
			productRefGroup = B547F5D518D996650081FFBB /* Products */;
			projectDirPath = "";
			projectRoot = "";
			targets = (
				B547F5D318D996650081FFBB /* GestureRecognition */,
			);
		};
/* End PBXProject section */

/* Begin PBXSourcesBuildPhase section */
		B547F5D018D996650081FFBB /* Sources */ = {
			isa = PBXSourcesBuildPhase;
			buildActionMask = 2147483647;
			files = (
				B547F68718D9E2A10081FFBB /* HandDetector.cpp in Sources */,
				B547F5D818D996650081FFBB /* main.cpp in Sources */,
			);
			runOnlyForDeploymentPostprocessing = 0;
		};
/* End PBXSourcesBuildPhase section */

/* Begin XCBuildConfiguration section */
		B547F5DB18D996650081FFBB /* Debug */ = {
			isa = XCBuildConfiguration;
			buildSettings = {
				ALWAYS_SEARCH_USER_PATHS = NO;
				CLANG_CXX_LANGUAGE_STANDARD = "gnu++0x";
				CLANG_CXX_LIBRARY = "libc++";
				CLANG_ENABLE_OBJC_ARC = YES;
				CLANG_WARN_BOOL_CONVERSION = YES;
				CLANG_WARN_CONSTANT_CONVERSION = YES;
				CLANG_WARN_DIRECT_OBJC_ISA_USAGE = YES_ERROR;
				CLANG_WARN_EMPTY_BODY = YES;
				CLANG_WARN_ENUM_CONVERSION = YES;
				CLANG_WARN_INT_CONVERSION = YES;
				CLANG_WARN_OBJC_ROOT_CLASS = YES_ERROR;
				CLANG_WARN__DUPLICATE_METHOD_MATCH = YES;
				COPY_PHASE_STRIP = NO;
				GCC_C_LANGUAGE_STANDARD = gnu99;
				GCC_DYNAMIC_NO_PIC = NO;
				GCC_ENABLE_OBJC_EXCEPTIONS = YES;
				GCC_OPTIMIZATION_LEVEL = 0;
				GCC_PREPROCESSOR_DEFINITIONS = (
					"DEBUG=1",
					"$(inherited)",
				);
				GCC_SYMBOLS_PRIVATE_EXTERN = NO;
				GCC_WARN_64_TO_32_BIT_CONVERSION = YES;
				GCC_WARN_ABOUT_RETURN_TYPE = YES_ERROR;
				GCC_WARN_UNDECLARED_SELECTOR = YES;
				GCC_WARN_UNINITIALIZED_AUTOS = YES;
				GCC_WARN_UNUSED_FUNCTION = YES;
				GCC_WARN_UNUSED_VARIABLE = YES;
				MACOSX_DEPLOYMENT_TARGET = 10.9;
				ONLY_ACTIVE_ARCH = YES;
				SDKROOT = macosx;
			};
			name = Debug;
		};
		B547F5DC18D996650081FFBB /* Release */ = {
			isa = XCBuildConfiguration;
			buildSettings = {
				ALWAYS_SEARCH_USER_PATHS = NO;
				CLANG_CXX_LANGUAGE_STANDARD = "gnu++0x";
				CLANG_CXX_LIBRARY = "libc++";
				CLANG_ENABLE_OBJC_ARC = YES;
				CLANG_WARN_BOOL_CONVERSION = YES;
				CLANG_WARN_CONSTANT_CONVERSION = YES;
				CLANG_WARN_DIRECT_OBJC_ISA_USAGE = YES_ERROR;
				CLANG_WARN_EMPTY_BODY = YES;
				CLANG_WARN_ENUM_CONVERSION = YES;
				CLANG_WARN_INT_CONVERSION = YES;
				CLANG_WARN_OBJC_ROOT_CLASS = YES_ERROR;
				CLANG_WARN__DUPLICATE_METHOD_MATCH = YES;
				COPY_PHASE_STRIP = YES;
				DEBUG_INFORMATION_FORMAT = "dwarf-with-dsym";
				ENABLE_NS_ASSERTIONS = NO;
				GCC_C_LANGUAGE_STANDARD = gnu99;
				GCC_ENABLE_OBJC_EXCEPTIONS = YES;
				GCC_WARN_64_TO_32_BIT_CONVERSION = YES;
				GCC_WARN_ABOUT_RETURN_TYPE = YES_ERROR;
				GCC_WARN_UNDECLARED_SELECTOR = YES;
				GCC_WARN_UNINITIALIZED_AUTOS = YES;
				GCC_WARN_UNUSED_FUNCTION = YES;
				GCC_WARN_UNUSED_VARIABLE = YES;
				MACOSX_DEPLOYMENT_TARGET = 10.9;
				SDKROOT = macosx;
			};
			name = Release;
		};
		B547F5DE18D996650081FFBB /* Debug */ = {
			isa = XCBuildConfiguration;
			buildSettings = {
				ALWAYS_SEARCH_USER_PATHS = YES;
				CLANG_CXX_LANGUAGE_STANDARD = "c++0x";
				HEADER_SEARCH_PATHS = (
					"$(inherited)",
					/Applications/Xcode.app/Contents/Developer/Toolchains/XcodeDefault.xctoolchain/usr/include,
					/usr/local/include,
				);
				LIBRARY_SEARCH_PATHS = /usr/local/lib;
				PRODUCT_NAME = "$(TARGET_NAME)";
			};
			name = Debug;
		};
		B547F5DF18D996650081FFBB /* Release */ = {
			isa = XCBuildConfiguration;
			buildSettings = {
				ALWAYS_SEARCH_USER_PATHS = YES;
				CLANG_CXX_LANGUAGE_STANDARD = "c++0x";
				HEADER_SEARCH_PATHS = (
					"$(inherited)",
					/Applications/Xcode.app/Contents/Developer/Toolchains/XcodeDefault.xctoolchain/usr/include,
					/usr/local/include,
				);
				LIBRARY_SEARCH_PATHS = /usr/local/lib;
				PRODUCT_NAME = "$(TARGET_NAME)";
			};
			name = Release;
		};
/* End XCBuildConfiguration section */

/* Begin XCConfigurationList section */
		B547F5CF18D996650081FFBB /* Build configuration list for PBXProject "GestureRecognition" */ = {
			isa = XCConfigurationList;
			buildConfigurations = (
				B547F5DB18D996650081FFBB /* Debug */,
				B547F5DC18D996650081FFBB /* Release */,
			);
			defaultConfigurationIsVisible = 0;
			defaultConfigurationName = Release;
		};
		B547F5DD18D996650081FFBB /* Build configuration list for PBXNativeTarget "GestureRecognition" */ = {
			isa = XCConfigurationList;
			buildConfigurations = (
				B547F5DE18D996650081FFBB /* Debug */,
				B547F5DF18D996650081FFBB /* Release */,
			);
			defaultConfigurationIsVisible = 0;
			defaultConfigurationName = Release;
		};
/* End XCConfigurationList section */
	};
	rootObject = B547F5CC18D996650081FFBB /* Project object */;
}
